
Microsoft Visual Studio Solution File, Format Version 12.00
# Visual Studio Version 17
VisualStudioVersion = 17.3.32901.215
MinimumVisualStudioVersion = 10.0.40219.1
Project("{9A19103F-16F7-4668-BE54-9A1E7A4F7556}") = "BookStore.API", "BookStore\BookStore.API.csproj", "{DDCE952C-6192-439E-A303-825E9D617092}"
EndProject
Project("{2150E333-8FDC-42A3-9474-1A3956D46DE8}") = "Tests", "Tests", "{F0E65FB9-8EC4-4EF9-8287-9E48C742168E}"
EndProject
Project("{9A19103F-16F7-4668-BE54-9A1E7A4F7556}") = "BookStore.UnitTest", "Tests\WebApi.UnitTest\BookStore.UnitTest.csproj", "{4249CD9D-E866-486E-8E13-1C9FC6B67839}"
EndProject
Global
	GlobalSection(SolutionConfigurationPlatforms) = preSolution
		Debug|Any CPU = Debug|Any CPU
		Release|Any CPU = Release|Any CPU
	EndGlobalSection
	GlobalSection(ProjectConfigurationPlatforms) = postSolution
		{DDCE952C-6192-439E-A303-825E9D617092}.Debug|Any CPU.ActiveCfg = Debug|Any CPU
		{DDCE952C-6192-439E-A303-825E9D617092}.Debug|Any CPU.Build.0 = Debug|Any CPU
		{DDCE952C-6192-439E-A303-825E9D617092}.Release|Any CPU.ActiveCfg = Release|Any CPU
		{DDCE952C-6192-439E-A303-825E9D617092}.Release|Any CPU.Build.0 = Release|Any CPU
		{4249CD9D-E866-486E-8E13-1C9FC6B67839}.Debug|Any CPU.ActiveCfg = Debug|Any CPU
		{4249CD9D-E866-486E-8E13-1C9FC6B67839}.Debug|Any CPU.Build.0 = Debug|Any CPU
		{4249CD9D-E866-486E-8E13-1C9FC6B67839}.Release|Any CPU.ActiveCfg = Release|Any CPU
		{4249CD9D-E866-486E-8E13-1C9FC6B67839}.Release|Any CPU.Build.0 = Release|Any CPU
	EndGlobalSection
	GlobalSection(SolutionProperties) = preSolution
		HideSolutionNode = FALSE
	EndGlobalSection
	GlobalSection(NestedProjects) = preSolution
		{4249CD9D-E866-486E-8E13-1C9FC6B67839} = {F0E65FB9-8EC4-4EF9-8287-9E48C742168E}
	EndGlobalSection
	GlobalSection(ExtensibilityGlobals) = postSolution
		SolutionGuid = {B4416741-B36F-401C-9AAE-87095A61F9C9}
	EndGlobalSection
EndGlobal
